// !$*UTF8*$!
{
	archiveVersion = 1;
	classes = {
	};
	objectVersion = 46;
	objects = {

/* Begin PBXBuildFile section */
		2716F9691CBF0FC600408DE7 /* AppDelegate.swift in Sources */ = {isa = PBXBuildFile; fileRef = 2716F9681CBF0FC600408DE7 /* AppDelegate.swift */; };
		2716F96B1CBF0FC600408DE7 /* ViewController.swift in Sources */ = {isa = PBXBuildFile; fileRef = 2716F96A1CBF0FC600408DE7 /* ViewController.swift */; };
		2716F96E1CBF0FC600408DE7 /* Main.storyboard in Resources */ = {isa = PBXBuildFile; fileRef = 2716F96C1CBF0FC600408DE7 /* Main.storyboard */; };
		2716F9701CBF0FC600408DE7 /* Assets.xcassets in Resources */ = {isa = PBXBuildFile; fileRef = 2716F96F1CBF0FC600408DE7 /* Assets.xcassets */; };
		2716F9731CBF0FC600408DE7 /* LaunchScreen.storyboard in Resources */ = {isa = PBXBuildFile; fileRef = 2716F9711CBF0FC600408DE7 /* LaunchScreen.storyboard */; };
		2716F97E1CBF0FC600408DE7 /* SnapstahpTests.swift in Sources */ = {isa = PBXBuildFile; fileRef = 2716F97D1CBF0FC600408DE7 /* SnapstahpTests.swift */; };
		2716F9891CBF0FC600408DE7 /* SnapstahpUITests.swift in Sources */ = {isa = PBXBuildFile; fileRef = 2716F9881CBF0FC600408DE7 /* SnapstahpUITests.swift */; };
/* End PBXBuildFile section */

/* Begin PBXContainerItemProxy section */
		2716F97A1CBF0FC600408DE7 /* PBXContainerItemProxy */ = {
			isa = PBXContainerItemProxy;
			containerPortal = 2716F95D1CBF0FC600408DE7 /* Project object */;
			proxyType = 1;
			remoteGlobalIDString = 2716F9641CBF0FC600408DE7;
			remoteInfo = Snapstahp;
		};
		2716F9851CBF0FC600408DE7 /* PBXContainerItemProxy */ = {
			isa = PBXContainerItemProxy;
			containerPortal = 2716F95D1CBF0FC600408DE7 /* Project object */;
			proxyType = 1;
			remoteGlobalIDString = 2716F9641CBF0FC600408DE7;
			remoteInfo = Snapstahp;
		};
/* End PBXContainerItemProxy section */

/* Begin PBXFileReference section */
		2716F9651CBF0FC600408DE7 /* Snapstahp.app */ = {isa = PBXFileReference; explicitFileType = wrapper.application; includeInIndex = 0; path = Snapstahp.app; sourceTree = BUILT_PRODUCTS_DIR; };
		2716F9681CBF0FC600408DE7 /* AppDelegate.swift */ = {isa = PBXFileReference; lastKnownFileType = sourcecode.swift; path = AppDelegate.swift; sourceTree = "<group>"; };
		2716F96A1CBF0FC600408DE7 /* ViewController.swift */ = {isa = PBXFileReference; lastKnownFileType = sourcecode.swift; path = ViewController.swift; sourceTree = "<group>"; };
		2716F96D1CBF0FC600408DE7 /* Base */ = {isa = PBXFileReference; lastKnownFileType = file.storyboard; name = Base; path = Base.lproj/Main.storyboard; sourceTree = "<group>"; };
		2716F96F1CBF0FC600408DE7 /* Assets.xcassets */ = {isa = PBXFileReference; lastKnownFileType = folder.assetcatalog; path = Assets.xcassets; sourceTree = "<group>"; };
		2716F9721CBF0FC600408DE7 /* Base */ = {isa = PBXFileReference; lastKnownFileType = file.storyboard; name = Base; path = Base.lproj/LaunchScreen.storyboard; sourceTree = "<group>"; };
		2716F9741CBF0FC600408DE7 /* Info.plist */ = {isa = PBXFileReference; lastKnownFileType = text.plist.xml; path = Info.plist; sourceTree = "<group>"; };
		2716F9791CBF0FC600408DE7 /* SnapstahpTests.xctest */ = {isa = PBXFileReference; explicitFileType = wrapper.cfbundle; includeInIndex = 0; path = SnapstahpTests.xctest; sourceTree = BUILT_PRODUCTS_DIR; };
		2716F97D1CBF0FC600408DE7 /* SnapstahpTests.swift */ = {isa = PBXFileReference; lastKnownFileType = sourcecode.swift; path = SnapstahpTests.swift; sourceTree = "<group>"; };
		2716F97F1CBF0FC600408DE7 /* Info.plist */ = {isa = PBXFileReference; lastKnownFileType = text.plist.xml; path = Info.plist; sourceTree = "<group>"; };
		2716F9841CBF0FC600408DE7 /* SnapstahpUITests.xctest */ = {isa = PBXFileReference; explicitFileType = wrapper.cfbundle; includeInIndex = 0; path = SnapstahpUITests.xctest; sourceTree = BUILT_PRODUCTS_DIR; };
		2716F9881CBF0FC600408DE7 /* SnapstahpUITests.swift */ = {isa = PBXFileReference; lastKnownFileType = sourcecode.swift; path = SnapstahpUITests.swift; sourceTree = "<group>"; };
		2716F98A1CBF0FC600408DE7 /* Info.plist */ = {isa = PBXFileReference; lastKnownFileType = text.plist.xml; path = Info.plist; sourceTree = "<group>"; };
/* End PBXFileReference section */

/* Begin PBXFrameworksBuildPhase section */
		2716F9621CBF0FC600408DE7 /* Frameworks */ = {
			isa = PBXFrameworksBuildPhase;
			buildActionMask = 2147483647;
			files = (
			);
			runOnlyForDeploymentPostprocessing = 0;
		};
		2716F9761CBF0FC600408DE7 /* Frameworks */ = {
			isa = PBXFrameworksBuildPhase;
			buildActionMask = 2147483647;
			files = (
			);
			runOnlyForDeploymentPostprocessing = 0;
		};
		2716F9811CBF0FC600408DE7 /* Frameworks */ = {
			isa = PBXFrameworksBuildPhase;
			buildActionMask = 2147483647;
			files = (
			);
			runOnlyForDeploymentPostprocessing = 0;
		};
/* End PBXFrameworksBuildPhase section */

/* Begin PBXGroup section */
		2716F95C1CBF0FC600408DE7 = {
			isa = PBXGroup;
			children = (
				2716F9671CBF0FC600408DE7 /* Snapstahp */,
				2716F97C1CBF0FC600408DE7 /* SnapstahpTests */,
				2716F9871CBF0FC600408DE7 /* SnapstahpUITests */,
				2716F9661CBF0FC600408DE7 /* Products */,
			);
			sourceTree = "<group>";
		};
		2716F9661CBF0FC600408DE7 /* Products */ = {
			isa = PBXGroup;
			children = (
				2716F9651CBF0FC600408DE7 /* Snapstahp.app */,
				2716F9791CBF0FC600408DE7 /* SnapstahpTests.xctest */,
				2716F9841CBF0FC600408DE7 /* SnapstahpUITests.xctest */,
			);
			name = Products;
			sourceTree = "<group>";
		};
		2716F9671CBF0FC600408DE7 /* Snapstahp */ = {
			isa = PBXGroup;
			children = (
				2716F9681CBF0FC600408DE7 /* AppDelegate.swift */,
				2716F96A1CBF0FC600408DE7 /* ViewController.swift */,
				2716F96C1CBF0FC600408DE7 /* Main.storyboard */,
				2716F96F1CBF0FC600408DE7 /* Assets.xcassets */,
				2716F9711CBF0FC600408DE7 /* LaunchScreen.storyboard */,
				2716F9741CBF0FC600408DE7 /* Info.plist */,
			);
			path = Snapstahp;
			sourceTree = "<group>";
		};
		2716F97C1CBF0FC600408DE7 /* SnapstahpTests */ = {
			isa = PBXGroup;
			children = (
				2716F97D1CBF0FC600408DE7 /* SnapstahpTests.swift */,
				2716F97F1CBF0FC600408DE7 /* Info.plist */,
			);
			path = SnapstahpTests;
			sourceTree = "<group>";
		};
		2716F9871CBF0FC600408DE7 /* SnapstahpUITests */ = {
			isa = PBXGroup;
			children = (
				2716F9881CBF0FC600408DE7 /* SnapstahpUITests.swift */,
				2716F98A1CBF0FC600408DE7 /* Info.plist */,
			);
			path = SnapstahpUITests;
			sourceTree = "<group>";
		};
/* End PBXGroup section */

/* Begin PBXNativeTarget section */
		2716F9641CBF0FC600408DE7 /* Snapstahp */ = {
			isa = PBXNativeTarget;
			buildConfigurationList = 2716F98D1CBF0FC600408DE7 /* Build configuration list for PBXNativeTarget "Snapstahp" */;
			buildPhases = (
				2716F9611CBF0FC600408DE7 /* Sources */,
				2716F9621CBF0FC600408DE7 /* Frameworks */,
				2716F9631CBF0FC600408DE7 /* Resources */,
			);
			buildRules = (
			);
			dependencies = (
			);
			name = Snapstahp;
			productName = Snapstahp;
			productReference = 2716F9651CBF0FC600408DE7 /* Snapstahp.app */;
			productType = "com.apple.product-type.application";
		};
		2716F9781CBF0FC600408DE7 /* SnapstahpTests */ = {
			isa = PBXNativeTarget;
			buildConfigurationList = 2716F9901CBF0FC600408DE7 /* Build configuration list for PBXNativeTarget "SnapstahpTests" */;
			buildPhases = (
				2716F9751CBF0FC600408DE7 /* Sources */,
				2716F9761CBF0FC600408DE7 /* Frameworks */,
				2716F9771CBF0FC600408DE7 /* Resources */,
			);
			buildRules = (
			);
			dependencies = (
				2716F97B1CBF0FC600408DE7 /* PBXTargetDependency */,
			);
			name = SnapstahpTests;
			productName = SnapstahpTests;
			productReference = 2716F9791CBF0FC600408DE7 /* SnapstahpTests.xctest */;
			productType = "com.apple.product-type.bundle.unit-test";
		};
		2716F9831CBF0FC600408DE7 /* SnapstahpUITests */ = {
			isa = PBXNativeTarget;
			buildConfigurationList = 2716F9931CBF0FC600408DE7 /* Build configuration list for PBXNativeTarget "SnapstahpUITests" */;
			buildPhases = (
				2716F9801CBF0FC600408DE7 /* Sources */,
				2716F9811CBF0FC600408DE7 /* Frameworks */,
				2716F9821CBF0FC600408DE7 /* Resources */,
			);
			buildRules = (
			);
			dependencies = (
				2716F9861CBF0FC600408DE7 /* PBXTargetDependency */,
			);
			name = SnapstahpUITests;
			productName = SnapstahpUITests;
			productReference = 2716F9841CBF0FC600408DE7 /* SnapstahpUITests.xctest */;
			productType = "com.apple.product-type.bundle.ui-testing";
		};
/* End PBXNativeTarget section */

/* Begin PBXProject section */
		2716F95D1CBF0FC600408DE7 /* Project object */ = {
			isa = PBXProject;
			attributes = {
				LastSwiftUpdateCheck = 0730;
				LastUpgradeCheck = 0730;
				ORGANIZATIONNAME = "Kyle Bashour";
				TargetAttributes = {
					2716F9641CBF0FC600408DE7 = {
						CreatedOnToolsVersion = 7.3;
					};
					2716F9781CBF0FC600408DE7 = {
						CreatedOnToolsVersion = 7.3;
						TestTargetID = 2716F9641CBF0FC600408DE7;
					};
					2716F9831CBF0FC600408DE7 = {
						CreatedOnToolsVersion = 7.3;
						TestTargetID = 2716F9641CBF0FC600408DE7;
					};
				};
			};
			buildConfigurationList = 2716F9601CBF0FC600408DE7 /* Build configuration list for PBXProject "Snapstahp" */;
			compatibilityVersion = "Xcode 3.2";
			developmentRegion = English;
			hasScannedForEncodings = 0;
			knownRegions = (
				en,
				Base,
			);
			mainGroup = 2716F95C1CBF0FC600408DE7;
			productRefGroup = 2716F9661CBF0FC600408DE7 /* Products */;
			projectDirPath = "";
			projectRoot = "";
			targets = (
				2716F9641CBF0FC600408DE7 /* Snapstahp */,
				2716F9781CBF0FC600408DE7 /* SnapstahpTests */,
				2716F9831CBF0FC600408DE7 /* SnapstahpUITests */,
			);
		};
/* End PBXProject section */

/* Begin PBXResourcesBuildPhase section */
		2716F9631CBF0FC600408DE7 /* Resources */ = {
			isa = PBXResourcesBuildPhase;
			buildActionMask = 2147483647;
			files = (
				2716F9731CBF0FC600408DE7 /* LaunchScreen.storyboard in Resources */,
				2716F9701CBF0FC600408DE7 /* Assets.xcassets in Resources */,
				2716F96E1CBF0FC600408DE7 /* Main.storyboard in Resources */,
			);
			runOnlyForDeploymentPostprocessing = 0;
		};
		2716F9771CBF0FC600408DE7 /* Resources */ = {
			isa = PBXResourcesBuildPhase;
			buildActionMask = 2147483647;
			files = (
			);
			runOnlyForDeploymentPostprocessing = 0;
		};
		2716F9821CBF0FC600408DE7 /* Resources */ = {
			isa = PBXResourcesBuildPhase;
			buildActionMask = 2147483647;
			files = (
			);
			runOnlyForDeploymentPostprocessing = 0;
		};
/* End PBXResourcesBuildPhase section */

/* Begin PBXSourcesBuildPhase section */
		2716F9611CBF0FC600408DE7 /* Sources */ = {
			isa = PBXSourcesBuildPhase;
			buildActionMask = 2147483647;
			files = (
				2716F96B1CBF0FC600408DE7 /* ViewController.swift in Sources */,
				2716F9691CBF0FC600408DE7 /* AppDelegate.swift in Sources */,
			);
			runOnlyForDeploymentPostprocessing = 0;
		};
		2716F9751CBF0FC600408DE7 /* Sources */ = {
			isa = PBXSourcesBuildPhase;
			buildActionMask = 2147483647;
			files = (
				2716F97E1CBF0FC600408DE7 /* SnapstahpTests.swift in Sources */,
			);
			runOnlyForDeploymentPostprocessing = 0;
		};
		2716F9801CBF0FC600408DE7 /* Sources */ = {
			isa = PBXSourcesBuildPhase;
			buildActionMask = 2147483647;
			files = (
				2716F9891CBF0FC600408DE7 /* SnapstahpUITests.swift in Sources */,
			);
			runOnlyForDeploymentPostprocessing = 0;
		};
/* End PBXSourcesBuildPhase section */

/* Begin PBXTargetDependency section */
		2716F97B1CBF0FC600408DE7 /* PBXTargetDependency */ = {
			isa = PBXTargetDependency;
			target = 2716F9641CBF0FC600408DE7 /* Snapstahp */;
			targetProxy = 2716F97A1CBF0FC600408DE7 /* PBXContainerItemProxy */;
		};
		2716F9861CBF0FC600408DE7 /* PBXTargetDependency */ = {
			isa = PBXTargetDependency;
			target = 2716F9641CBF0FC600408DE7 /* Snapstahp */;
			targetProxy = 2716F9851CBF0FC600408DE7 /* PBXContainerItemProxy */;
		};
/* End PBXTargetDependency section */

/* Begin PBXVariantGroup section */
		2716F96C1CBF0FC600408DE7 /* Main.storyboard */ = {
			isa = PBXVariantGroup;
			children = (
				2716F96D1CBF0FC600408DE7 /* Base */,
			);
			name = Main.storyboard;
			sourceTree = "<group>";
		};
		2716F9711CBF0FC600408DE7 /* LaunchScreen.storyboard */ = {
			isa = PBXVariantGroup;
			children = (
				2716F9721CBF0FC600408DE7 /* Base */,
			);
			name = LaunchScreen.storyboard;
			sourceTree = "<group>";
		};
/* End PBXVariantGroup section */

/* Begin XCBuildConfiguration section */
		2716F98B1CBF0FC600408DE7 /* Debug */ = {
			isa = XCBuildConfiguration;
			buildSettings = {
				ALWAYS_SEARCH_USER_PATHS = NO;
				CLANG_ANALYZER_NONNULL = YES;
				CLANG_CXX_LANGUAGE_STANDARD = "gnu++0x";
				CLANG_CXX_LIBRARY = "libc++";
				CLANG_ENABLE_MODULES = YES;
				CLANG_ENABLE_OBJC_ARC = YES;
				CLANG_WARN_BOOL_CONVERSION = YES;
				CLANG_WARN_CONSTANT_CONVERSION = YES;
				CLANG_WARN_DIRECT_OBJC_ISA_USAGE = YES_ERROR;
				CLANG_WARN_EMPTY_BODY = YES;
				CLANG_WARN_ENUM_CONVERSION = YES;
				CLANG_WARN_INT_CONVERSION = YES;
				CLANG_WARN_OBJC_ROOT_CLASS = YES_ERROR;
				CLANG_WARN_UNREACHABLE_CODE = YES;
				CLANG_WARN__DUPLICATE_METHOD_MATCH = YES;
				"CODE_SIGN_IDENTITY[sdk=iphoneos*]" = "iPhone Developer";
				COPY_PHASE_STRIP = NO;
				DEBUG_INFORMATION_FORMAT = dwarf;
				ENABLE_STRICT_OBJC_MSGSEND = YES;
				ENABLE_TESTABILITY = YES;
				GCC_C_LANGUAGE_STANDARD = gnu99;
				GCC_DYNAMIC_NO_PIC = NO;
				GCC_NO_COMMON_BLOCKS = YES;
				GCC_OPTIMIZATION_LEVEL = 0;
				GCC_PREPROCESSOR_DEFINITIONS = (
					"DEBUG=1",
					"$(inherited)",
				);
				GCC_WARN_64_TO_32_BIT_CONVERSION = YES;
				GCC_WARN_ABOUT_RETURN_TYPE = YES_ERROR;
				GCC_WARN_UNDECLARED_SELECTOR = YES;
				GCC_WARN_UNINITIALIZED_AUTOS = YES_AGGRESSIVE;
				GCC_WARN_UNUSED_FUNCTION = YES;
				GCC_WARN_UNUSED_VARIABLE = YES;
				IPHONEOS_DEPLOYMENT_TARGET = 9.3;
				MTL_ENABLE_DEBUG_INFO = YES;
				ONLY_ACTIVE_ARCH = YES;
				SDKROOT = iphoneos;
				SWIFT_OPTIMIZATION_LEVEL = "-Onone";
				TARGETED_DEVICE_FAMILY = "1,2";
			};
			name = Debug;
		};
		2716F98C1CBF0FC600408DE7 /* Release */ = {
			isa = XCBuildConfiguration;
			buildSettings = {
				ALWAYS_SEARCH_USER_PATHS = NO;
				CLANG_ANALYZER_NONNULL = YES;
				CLANG_CXX_LANGUAGE_STANDARD = "gnu++0x";
				CLANG_CXX_LIBRARY = "libc++";
				CLANG_ENABLE_MODULES = YES;
				CLANG_ENABLE_OBJC_ARC = YES;
				CLANG_WARN_BOOL_CONVERSION = YES;
				CLANG_WARN_CONSTANT_CONVERSION = YES;
				CLANG_WARN_DIRECT_OBJC_ISA_USAGE = YES_ERROR;
				CLANG_WARN_EMPTY_BODY = YES;
				CLANG_WARN_ENUM_CONVERSION = YES;
				CLANG_WARN_INT_CONVERSION = YES;
				CLANG_WARN_OBJC_ROOT_CLASS = YES_ERROR;
				CLANG_WARN_UNREACHABLE_CODE = YES;
				CLANG_WARN__DUPLICATE_METHOD_MATCH = YES;
				"CODE_SIGN_IDENTITY[sdk=iphoneos*]" = "iPhone Developer";
				COPY_PHASE_STRIP = NO;
				DEBUG_INFORMATION_FORMAT = "dwarf-with-dsym";
				ENABLE_NS_ASSERTIONS = NO;
				ENABLE_STRICT_OBJC_MSGSEND = YES;
				GCC_C_LANGUAGE_STANDARD = gnu99;
				GCC_NO_COMMON_BLOCKS = YES;
				GCC_WARN_64_TO_32_BIT_CONVERSION = YES;
				GCC_WARN_ABOUT_RETURN_TYPE = YES_ERROR;
				GCC_WARN_UNDECLARED_SELECTOR = YES;
				GCC_WARN_UNINITIALIZED_AUTOS = YES_AGGRESSIVE;
				GCC_WARN_UNUSED_FUNCTION = YES;
				GCC_WARN_UNUSED_VARIABLE = YES;
				IPHONEOS_DEPLOYMENT_TARGET = 9.3;
				MTL_ENABLE_DEBUG_INFO = NO;
				SDKROOT = iphoneos;
				TARGETED_DEVICE_FAMILY = "1,2";
				VALIDATE_PRODUCT = YES;
			};
			name = Release;
		};
		2716F98E1CBF0FC600408DE7 /* Debug */ = {
			isa = XCBuildConfiguration;
			buildSettings = {
				ASSETCATALOG_COMPILER_APPICON_NAME = AppIcon;
				INFOPLIST_FILE = Snapstahp/Info.plist;
				LD_RUNPATH_SEARCH_PATHS = "$(inherited) @executable_path/Frameworks";
				PRODUCT_BUNDLE_IDENTIFIER = com.kylebashour.Snapstahp;
				PRODUCT_NAME = "$(TARGET_NAME)";
			};
			name = Debug;
		};
		2716F98F1CBF0FC600408DE7 /* Release */ = {
			isa = XCBuildConfiguration;
			buildSettings = {
				ASSETCATALOG_COMPILER_APPICON_NAME = AppIcon;
				INFOPLIST_FILE = Snapstahp/Info.plist;
				LD_RUNPATH_SEARCH_PATHS = "$(inherited) @executable_path/Frameworks";
				PRODUCT_BUNDLE_IDENTIFIER = com.kylebashour.Snapstahp;
				PRODUCT_NAME = "$(TARGET_NAME)";
			};
			name = Release;
		};
		2716F9911CBF0FC600408DE7 /* Debug */ = {
			isa = XCBuildConfiguration;
			buildSettings = {
				BUNDLE_LOADER = "$(TEST_HOST)";
				INFOPLIST_FILE = SnapstahpTests/Info.plist;
				LD_RUNPATH_SEARCH_PATHS = "$(inherited) @executable_path/Frameworks @loader_path/Frameworks";
				PRODUCT_BUNDLE_IDENTIFIER = com.kylebashour.SnapstahpTests;
				PRODUCT_NAME = "$(TARGET_NAME)";
				TEST_HOST = "$(BUILT_PRODUCTS_DIR)/Snapstahp.app/Snapstahp";
			};
			name = Debug;
		};
		2716F9921CBF0FC600408DE7 /* Release */ = {
			isa = XCBuildConfiguration;
			buildSettings = {
				BUNDLE_LOADER = "$(TEST_HOST)";
				INFOPLIST_FILE = SnapstahpTests/Info.plist;
				LD_RUNPATH_SEARCH_PATHS = "$(inherited) @executable_path/Frameworks @loader_path/Frameworks";
				PRODUCT_BUNDLE_IDENTIFIER = com.kylebashour.SnapstahpTests;
				PRODUCT_NAME = "$(TARGET_NAME)";
				TEST_HOST = "$(BUILT_PRODUCTS_DIR)/Snapstahp.app/Snapstahp";
			};
			name = Release;
		};
		2716F9941CBF0FC600408DE7 /* Debug */ = {
			isa = XCBuildConfiguration;
			buildSettings = {
				INFOPLIST_FILE = SnapstahpUITests/Info.plist;
				LD_RUNPATH_SEARCH_PATHS = "$(inherited) @executable_path/Frameworks @loader_path/Frameworks";
				PRODUCT_BUNDLE_IDENTIFIER = com.kylebashour.SnapstahpUITests;
				PRODUCT_NAME = "$(TARGET_NAME)";
				TEST_TARGET_NAME = Snapstahp;
			};
			name = Debug;
		};
		2716F9951CBF0FC600408DE7 /* Release */ = {
			isa = XCBuildConfiguration;
			buildSettings = {
				INFOPLIST_FILE = SnapstahpUITests/Info.plist;
				LD_RUNPATH_SEARCH_PATHS = "$(inherited) @executable_path/Frameworks @loader_path/Frameworks";
				PRODUCT_BUNDLE_IDENTIFIER = com.kylebashour.SnapstahpUITests;
				PRODUCT_NAME = "$(TARGET_NAME)";
				TEST_TARGET_NAME = Snapstahp;
			};
			name = Release;
		};
/* End XCBuildConfiguration section */

/* Begin XCConfigurationList section */
		2716F9601CBF0FC600408DE7 /* Build configuration list for PBXProject "Snapstahp" */ = {
			isa = XCConfigurationList;
			buildConfigurations = (
				2716F98B1CBF0FC600408DE7 /* Debug */,
				2716F98C1CBF0FC600408DE7 /* Release */,
			);
			defaultConfigurationIsVisible = 0;
			defaultConfigurationName = Release;
		};
		2716F98D1CBF0FC600408DE7 /* Build configuration list for PBXNativeTarget "Snapstahp" */ = {
			isa = XCConfigurationList;
			buildConfigurations = (
				2716F98E1CBF0FC600408DE7 /* Debug */,
				2716F98F1CBF0FC600408DE7 /* Release */,
			);
			defaultConfigurationIsVisible = 0;
		};
		2716F9901CBF0FC600408DE7 /* Build configuration list for PBXNativeTarget "SnapstahpTests" */ = {
			isa = XCConfigurationList;
			buildConfigurations = (
				2716F9911CBF0FC600408DE7 /* Debug */,
				2716F9921CBF0FC600408DE7 /* Release */,
			);
			defaultConfigurationIsVisible = 0;
		};
		2716F9931CBF0FC600408DE7 /* Build configuration list for PBXNativeTarget "SnapstahpUITests" */ = {
			isa = XCConfigurationList;
			buildConfigurations = (
				2716F9941CBF0FC600408DE7 /* Debug */,
				2716F9951CBF0FC600408DE7 /* Release */,
			);
			defaultConfigurationIsVisible = 0;
		};
/* End XCConfigurationList section */
	};
	rootObject = 2716F95D1CBF0FC600408DE7 /* Project object */;
}
